
Microsoft Visual Studio Solution File, Format Version 12.00
# Visual Studio Version 17
VisualStudioVersion = 17.2.32616.157
MinimumVisualStudioVersion = 10.0.40219.1
Project("{8BC9CEB8-8B4A-11D0-8D11-00A0C91BC942}") = "SortingVisualizer", "SortingVisualizer\SortingVisualizer.vcxproj", "{40EFCF23-411D-4D60-AFFF-BDDDE08140AC}"
EndProject
Project("{2150E333-8FDC-42A3-9474-1A3956D46DE8}") = "Solution Items", "Solution Items", "{5DE5F852-9EF8-4E1E-8074-E995C0EF7FB3}"
	ProjectSection(SolutionItems) = preProject
		README.md = README.md
	EndProjectSection
EndProject
Project("{8BC9CEB8-8B4A-11D0-8D11-00A0C91BC942}") = "SortingTests", "SortingTests\SortingTests.vcxproj", "{08FC1D88-1188-4E7F-BA1E-9F33DF4E78AC}"
EndProject
Project("{8BC9CEB8-8B4A-11D0-8D11-00A0C91BC942}") = "SortingAlgos", "SortingAlgos\SortingAlgos.vcxproj", "{63D37B74-3A2E-41FD-842B-24146BABA024}"
EndProject
Project("{2150E333-8FDC-42A3-9474-1A3956D46DE8}") = ".github", ".github", "{9CC317DE-328D-4E9B-A152-B3CAEE34D037}"
	ProjectSection(SolutionItems) = preProject
		.github\workflows\ci.yml = .github\workflows\ci.yml
	EndProjectSection
EndProject
Global
	GlobalSection(SolutionConfigurationPlatforms) = preSolution
		Debug|x64 = Debug|x64
		Debug|x86 = Debug|x86
		Release|x64 = Release|x64
		Release|x86 = Release|x86
	EndGlobalSection
	GlobalSection(ProjectConfigurationPlatforms) = postSolution
		{40EFCF23-411D-4D60-AFFF-BDDDE08140AC}.Debug|x64.ActiveCfg = Debug|x64
		{40EFCF23-411D-4D60-AFFF-BDDDE08140AC}.Debug|x64.Build.0 = Debug|x64
		{40EFCF23-411D-4D60-AFFF-BDDDE08140AC}.Debug|x86.ActiveCfg = Debug|Win32
		{40EFCF23-411D-4D60-AFFF-BDDDE08140AC}.Debug|x86.Build.0 = Debug|Win32
		{40EFCF23-411D-4D60-AFFF-BDDDE08140AC}.Release|x64.ActiveCfg = Release|x64
		{40EFCF23-411D-4D60-AFFF-BDDDE08140AC}.Release|x64.Build.0 = Release|x64
		{40EFCF23-411D-4D60-AFFF-BDDDE08140AC}.Release|x86.ActiveCfg = Release|Win32
		{40EFCF23-411D-4D60-AFFF-BDDDE08140AC}.Release|x86.Build.0 = Release|Win32
		{08FC1D88-1188-4E7F-BA1E-9F33DF4E78AC}.Debug|x64.ActiveCfg = Debug|x64
		{08FC1D88-1188-4E7F-BA1E-9F33DF4E78AC}.Debug|x64.Build.0 = Debug|x64
		{08FC1D88-1188-4E7F-BA1E-9F33DF4E78AC}.Debug|x86.ActiveCfg = Debug|Win32
		{08FC1D88-1188-4E7F-BA1E-9F33DF4E78AC}.Debug|x86.Build.0 = Debug|Win32
		{08FC1D88-1188-4E7F-BA1E-9F33DF4E78AC}.Release|x64.ActiveCfg = Release|x64
		{08FC1D88-1188-4E7F-BA1E-9F33DF4E78AC}.Release|x64.Build.0 = Release|x64
		{08FC1D88-1188-4E7F-BA1E-9F33DF4E78AC}.Release|x86.ActiveCfg = Release|Win32
		{08FC1D88-1188-4E7F-BA1E-9F33DF4E78AC}.Release|x86.Build.0 = Release|Win32
		{63D37B74-3A2E-41FD-842B-24146BABA024}.Debug|x64.ActiveCfg = Debug|x64
		{63D37B74-3A2E-41FD-842B-24146BABA024}.Debug|x64.Build.0 = Debug|x64
		{63D37B74-3A2E-41FD-842B-24146BABA024}.Debug|x86.ActiveCfg = Debug|Win32
		{63D37B74-3A2E-41FD-842B-24146BABA024}.Debug|x86.Build.0 = Debug|Win32
		{63D37B74-3A2E-41FD-842B-24146BABA024}.Release|x64.ActiveCfg = Release|x64
		{63D37B74-3A2E-41FD-842B-24146BABA024}.Release|x64.Build.0 = Release|x64
		{63D37B74-3A2E-41FD-842B-24146BABA024}.Release|x86.ActiveCfg = Release|Win32
		{63D37B74-3A2E-41FD-842B-24146BABA024}.Release|x86.Build.0 = Release|Win32
	EndGlobalSection
	GlobalSection(SolutionProperties) = preSolution
		HideSolutionNode = FALSE
	EndGlobalSection
	GlobalSection(NestedProjects) = preSolution
		{9CC317DE-328D-4E9B-A152-B3CAEE34D037} = {5DE5F852-9EF8-4E1E-8074-E995C0EF7FB3}
	EndGlobalSection
	GlobalSection(ExtensibilityGlobals) = postSolution
		SolutionGuid = {085966C8-C892-4C8C-98FE-E6EC23AD950E}
	EndGlobalSection
EndGlobal
